
Microsoft Visual Studio Solution File, Format Version 12.00
# Visual Studio Version 17
VisualStudioVersion = 17.1.32319.34
MinimumVisualStudioVersion = 10.0.40219.1
Project("{FAE04EC0-301F-11D3-BF4B-00C04F79EFBC}") = "TRBD_WPF", "TRBD_WPF\TRBD_WPF.csproj", "{1CEBEBDF-93BF-4E4D-91F7-55D4D7B7F9F4}"
EndProject
Global
	GlobalSection(SolutionConfigurationPlatforms) = preSolution
		Debug|Any CPU = Debug|Any CPU
		Release|Any CPU = Release|Any CPU
	EndGlobalSection
	GlobalSection(ProjectConfigurationPlatforms) = postSolution
		{1CEBEBDF-93BF-4E4D-91F7-55D4D7B7F9F4}.Debug|Any CPU.ActiveCfg = Debug|Any CPU
		{1CEBEBDF-93BF-4E4D-91F7-55D4D7B7F9F4}.Debug|Any CPU.Build.0 = Debug|Any CPU
		{1CEBEBDF-93BF-4E4D-91F7-55D4D7B7F9F4}.Release|Any CPU.ActiveCfg = Release|Any CPU
		{1CEBEBDF-93BF-4E4D-91F7-55D4D7B7F9F4}.Release|Any CPU.Build.0 = Release|Any CPU
	EndGlobalSection
	GlobalSection(SolutionProperties) = preSolution
		HideSolutionNode = FALSE
	EndGlobalSection
	GlobalSection(ExtensibilityGlobals) = postSolution
		SolutionGuid = {E13B9E67-28BB-4DB0-A952-7F40386F920D}
	EndGlobalSection
EndGlobal
